github.com/bitly/go-simplejson v0.5.0 h1:6IH+V8/tVMab511d5bn4M7EwGXZf9Hj6i2xSwkNEM+Y=
github.com/bitly/go-simplejson v0.5.0/go.mod h1:cXHtHw4XUPsvGaxgjIAn8PhEWG9NfngEKAMDJEczWVA=
golang.org/x/sys v0.0.0-20201214210602-f9fddec55a1e h1:AyodaIpKjppX+cBfTASF2E1US3H2JFBj920Ot3rtDjs=
golang.org/x/sys v0.0.0-20201214210602-f9fddec55a1e/go.mod h1:h1NjWce9XRLGQEsW7wpKNCjG9DtNlClVuFLEZdDNbEs=
